// !$*UTF8*$!
{
	archiveVersion = 1;
	classes = {
	};
	objectVersion = 55;
	objects = {

/* Begin PBXBuildFile section */
		FB243EC027A71AC100DBDD45 /* Model.swift in Sources */ = {isa = PBXBuildFile; fileRef = FB243EBF27A71AC100DBDD45 /* Model.swift */; };
		FB243EC227A71ACF00DBDD45 /* ViewModel.swift in Sources */ = {isa = PBXBuildFile; fileRef = FB243EC127A71ACF00DBDD45 /* ViewModel.swift */; };
		FB243ECB27A7BD3700DBDD45 /* Theme.swift in Sources */ = {isa = PBXBuildFile; fileRef = FB243ECA27A7BD3700DBDD45 /* Theme.swift */; };
		FBD5F40C272B22D5007EBB34 /* MemorizeApp.swift in Sources */ = {isa = PBXBuildFile; fileRef = FBD5F40B272B22D5007EBB34 /* MemorizeApp.swift */; };
		FBD5F40E272B22D5007EBB34 /* ContentView.swift in Sources */ = {isa = PBXBuildFile; fileRef = FBD5F40D272B22D5007EBB34 /* ContentView.swift */; };
		FBD5F410272B22D6007EBB34 /* Assets.xcassets in Resources */ = {isa = PBXBuildFile; fileRef = FBD5F40F272B22D6007EBB34 /* Assets.xcassets */; };
		FBD5F413272B22D6007EBB34 /* Preview Assets.xcassets in Resources */ = {isa = PBXBuildFile; fileRef = FBD5F412272B22D6007EBB34 /* Preview Assets.xcassets */; };
		FBD5F415272B22D6007EBB34 /* Persistence.swift in Sources */ = {isa = PBXBuildFile; fileRef = FBD5F414272B22D6007EBB34 /* Persistence.swift */; };
		FBD5F418272B22D6007EBB34 /* Memorize.xcdatamodeld in Sources */ = {isa = PBXBuildFile; fileRef = FBD5F416272B22D6007EBB34 /* Memorize.xcdatamodeld */; };
		FBD5F422272B22D6007EBB34 /* MemorizeTests.swift in Sources */ = {isa = PBXBuildFile; fileRef = FBD5F421272B22D6007EBB34 /* MemorizeTests.swift */; };
		FBD5F42C272B22D6007EBB34 /* MemorizeUITests.swift in Sources */ = {isa = PBXBuildFile; fileRef = FBD5F42B272B22D6007EBB34 /* MemorizeUITests.swift */; };
		FBD5F42E272B22D6007EBB34 /* MemorizeUITestsLaunchTests.swift in Sources */ = {isa = PBXBuildFile; fileRef = FBD5F42D272B22D6007EBB34 /* MemorizeUITestsLaunchTests.swift */; };
/* End PBXBuildFile section */

/* Begin PBXContainerItemProxy section */
		FBD5F41E272B22D6007EBB34 /* PBXContainerItemProxy */ = {
			isa = PBXContainerItemProxy;
			containerPortal = FBD5F400272B22D5007EBB34 /* Project object */;
			proxyType = 1;
			remoteGlobalIDString = FBD5F407272B22D5007EBB34;
			remoteInfo = Memorize;
		};
		FBD5F428272B22D6007EBB34 /* PBXContainerItemProxy */ = {
			isa = PBXContainerItemProxy;
			containerPortal = FBD5F400272B22D5007EBB34 /* Project object */;
			proxyType = 1;
			remoteGlobalIDString = FBD5F407272B22D5007EBB34;
			remoteInfo = Memorize;
		};
/* End PBXContainerItemProxy section */

/* Begin PBXFileReference section */
		FB243EBF27A71AC100DBDD45 /* Model.swift */ = {isa = PBXFileReference; lastKnownFileType = sourcecode.swift; path = Model.swift; sourceTree = "<group>"; };
		FB243EC127A71ACF00DBDD45 /* ViewModel.swift */ = {isa = PBXFileReference; lastKnownFileType = sourcecode.swift; path = ViewModel.swift; sourceTree = "<group>"; };
		FB243ECA27A7BD3700DBDD45 /* Theme.swift */ = {isa = PBXFileReference; lastKnownFileType = sourcecode.swift; path = Theme.swift; sourceTree = "<group>"; };
		FBD5F408272B22D5007EBB34 /* Memorize.app */ = {isa = PBXFileReference; explicitFileType = wrapper.application; includeInIndex = 0; path = Memorize.app; sourceTree = BUILT_PRODUCTS_DIR; };
		FBD5F40B272B22D5007EBB34 /* MemorizeApp.swift */ = {isa = PBXFileReference; lastKnownFileType = sourcecode.swift; path = MemorizeApp.swift; sourceTree = "<group>"; };
		FBD5F40D272B22D5007EBB34 /* ContentView.swift */ = {isa = PBXFileReference; lastKnownFileType = sourcecode.swift; path = ContentView.swift; sourceTree = "<group>"; };
		FBD5F40F272B22D6007EBB34 /* Assets.xcassets */ = {isa = PBXFileReference; lastKnownFileType = folder.assetcatalog; path = Assets.xcassets; sourceTree = "<group>"; };
		FBD5F412272B22D6007EBB34 /* Preview Assets.xcassets */ = {isa = PBXFileReference; lastKnownFileType = folder.assetcatalog; path = "Preview Assets.xcassets"; sourceTree = "<group>"; };
		FBD5F414272B22D6007EBB34 /* Persistence.swift */ = {isa = PBXFileReference; lastKnownFileType = sourcecode.swift; path = Persistence.swift; sourceTree = "<group>"; };
		FBD5F417272B22D6007EBB34 /* Memorize.xcdatamodel */ = {isa = PBXFileReference; lastKnownFileType = wrapper.xcdatamodel; path = Memorize.xcdatamodel; sourceTree = "<group>"; };
		FBD5F41D272B22D6007EBB34 /* MemorizeTests.xctest */ = {isa = PBXFileReference; explicitFileType = wrapper.cfbundle; includeInIndex = 0; path = MemorizeTests.xctest; sourceTree = BUILT_PRODUCTS_DIR; };
		FBD5F421272B22D6007EBB34 /* MemorizeTests.swift */ = {isa = PBXFileReference; lastKnownFileType = sourcecode.swift; path = MemorizeTests.swift; sourceTree = "<group>"; };
		FBD5F427272B22D6007EBB34 /* MemorizeUITests.xctest */ = {isa = PBXFileReference; explicitFileType = wrapper.cfbundle; includeInIndex = 0; path = MemorizeUITests.xctest; sourceTree = BUILT_PRODUCTS_DIR; };
		FBD5F42B272B22D6007EBB34 /* MemorizeUITests.swift */ = {isa = PBXFileReference; lastKnownFileType = sourcecode.swift; path = MemorizeUITests.swift; sourceTree = "<group>"; };
		FBD5F42D272B22D6007EBB34 /* MemorizeUITestsLaunchTests.swift */ = {isa = PBXFileReference; lastKnownFileType = sourcecode.swift; path = MemorizeUITestsLaunchTests.swift; sourceTree = "<group>"; };
/* End PBXFileReference section */

/* Begin PBXFrameworksBuildPhase section */
		FBD5F405272B22D5007EBB34 /* Frameworks */ = {
			isa = PBXFrameworksBuildPhase;
			buildActionMask = 2147483647;
			files = (
			);
			runOnlyForDeploymentPostprocessing = 0;
		};
		FBD5F41A272B22D6007EBB34 /* Frameworks */ = {
			isa = PBXFrameworksBuildPhase;
			buildActionMask = 2147483647;
			files = (
			);
			runOnlyForDeploymentPostprocessing = 0;
		};
		FBD5F424272B22D6007EBB34 /* Frameworks */ = {
			isa = PBXFrameworksBuildPhase;
			buildActionMask = 2147483647;
			files = (
			);
			runOnlyForDeploymentPostprocessing = 0;
		};
/* End PBXFrameworksBuildPhase section */

/* Begin PBXGroup section */
		FB243EC527A71B7300DBDD45 /* Game */ = {
			isa = PBXGroup;
			children = (
				FBD5F40D272B22D5007EBB34 /* ContentView.swift */,
				FB243EBF27A71AC100DBDD45 /* Model.swift */,
				FB243EC127A71ACF00DBDD45 /* ViewModel.swift */,
				FB243ECA27A7BD3700DBDD45 /* Theme.swift */,
			);
			path = Game;
			sourceTree = "<group>";
		};
		FB243ECC27A7C29700DBDD45 /* Extensions */ = {
			isa = PBXGroup;
			children = (
			);
			path = Extensions;
			sourceTree = "<group>";
		};
		FBD5F3FF272B22D5007EBB34 = {
			isa = PBXGroup;
			children = (
				FBD5F40A272B22D5007EBB34 /* Memorize */,
				FBD5F420272B22D6007EBB34 /* MemorizeTests */,
				FBD5F42A272B22D6007EBB34 /* MemorizeUITests */,
				FBD5F409272B22D5007EBB34 /* Products */,
			);
			sourceTree = "<group>";
		};
		FBD5F409272B22D5007EBB34 /* Products */ = {
			isa = PBXGroup;
			children = (
				FBD5F408272B22D5007EBB34 /* Memorize.app */,
				FBD5F41D272B22D6007EBB34 /* MemorizeTests.xctest */,
				FBD5F427272B22D6007EBB34 /* MemorizeUITests.xctest */,
			);
			name = Products;
			sourceTree = "<group>";
		};
		FBD5F40A272B22D5007EBB34 /* Memorize */ = {
			isa = PBXGroup;
			children = (
				FB243ECC27A7C29700DBDD45 /* Extensions */,
				FB243EC527A71B7300DBDD45 /* Game */,
				FBD5F40B272B22D5007EBB34 /* MemorizeApp.swift */,
				FBD5F40F272B22D6007EBB34 /* Assets.xcassets */,
				FBD5F414272B22D6007EBB34 /* Persistence.swift */,
				FBD5F416272B22D6007EBB34 /* Memorize.xcdatamodeld */,
				FBD5F411272B22D6007EBB34 /* Preview Content */,
			);
			path = Memorize;
			sourceTree = "<group>";
		};
		FBD5F411272B22D6007EBB34 /* Preview Content */ = {
			isa = PBXGroup;
			children = (
				FBD5F412272B22D6007EBB34 /* Preview Assets.xcassets */,
			);
			path = "Preview Content";
			sourceTree = "<group>";
		};
		FBD5F420272B22D6007EBB34 /* MemorizeTests */ = {
			isa = PBXGroup;
			children = (
				FBD5F421272B22D6007EBB34 /* MemorizeTests.swift */,
			);
			path = MemorizeTests;
			sourceTree = "<group>";
		};
		FBD5F42A272B22D6007EBB34 /* MemorizeUITests */ = {
			isa = PBXGroup;
			children = (
				FBD5F42B272B22D6007EBB34 /* MemorizeUITests.swift */,
				FBD5F42D272B22D6007EBB34 /* MemorizeUITestsLaunchTests.swift */,
			);
			path = MemorizeUITests;
			sourceTree = "<group>";
		};
/* End PBXGroup section */

/* Begin PBXNativeTarget section */
		FBD5F407272B22D5007EBB34 /* Memorize */ = {
			isa = PBXNativeTarget;
			buildConfigurationList = FBD5F431272B22D6007EBB34 /* Build configuration list for PBXNativeTarget "Memorize" */;
			buildPhases = (
				FBD5F404272B22D5007EBB34 /* Sources */,
				FBD5F405272B22D5007EBB34 /* Frameworks */,
				FBD5F406272B22D5007EBB34 /* Resources */,
			);
			buildRules = (
			);
			dependencies = (
			);
			name = Memorize;
			productName = Memorize;
			productReference = FBD5F408272B22D5007EBB34 /* Memorize.app */;
			productType = "com.apple.product-type.application";
		};
		FBD5F41C272B22D6007EBB34 /* MemorizeTests */ = {
			isa = PBXNativeTarget;
			buildConfigurationList = FBD5F434272B22D6007EBB34 /* Build configuration list for PBXNativeTarget "MemorizeTests" */;
			buildPhases = (
				FBD5F419272B22D6007EBB34 /* Sources */,
				FBD5F41A272B22D6007EBB34 /* Frameworks */,
				FBD5F41B272B22D6007EBB34 /* Resources */,
			);
			buildRules = (
			);
			dependencies = (
				FBD5F41F272B22D6007EBB34 /* PBXTargetDependency */,
			);
			name = MemorizeTests;
			productName = MemorizeTests;
			productReference = FBD5F41D272B22D6007EBB34 /* MemorizeTests.xctest */;
			productType = "com.apple.product-type.bundle.unit-test";
		};
		FBD5F426272B22D6007EBB34 /* MemorizeUITests */ = {
			isa = PBXNativeTarget;
			buildConfigurationList = FBD5F437272B22D6007EBB34 /* Build configuration list for PBXNativeTarget "MemorizeUITests" */;
			buildPhases = (
				FBD5F423272B22D6007EBB34 /* Sources */,
				FBD5F424272B22D6007EBB34 /* Frameworks */,
				FBD5F425272B22D6007EBB34 /* Resources */,
			);
			buildRules = (
			);
			dependencies = (
				FBD5F429272B22D6007EBB34 /* PBXTargetDependency */,
			);
			name = MemorizeUITests;
			productName = MemorizeUITests;
			productReference = FBD5F427272B22D6007EBB34 /* MemorizeUITests.xctest */;
			productType = "com.apple.product-type.bundle.ui-testing";
		};
/* End PBXNativeTarget section */

/* Begin PBXProject section */
		FBD5F400272B22D5007EBB34 /* Project object */ = {
			isa = PBXProject;
			attributes = {
				BuildIndependentTargetsInParallel = 1;
				LastSwiftUpdateCheck = 1310;
				LastUpgradeCheck = 1310;
				TargetAttributes = {
					FBD5F407272B22D5007EBB34 = {
						CreatedOnToolsVersion = 13.1;
					};
					FBD5F41C272B22D6007EBB34 = {
						CreatedOnToolsVersion = 13.1;
						TestTargetID = FBD5F407272B22D5007EBB34;
					};
					FBD5F426272B22D6007EBB34 = {
						CreatedOnToolsVersion = 13.1;
						TestTargetID = FBD5F407272B22D5007EBB34;
					};
				};
			};
			buildConfigurationList = FBD5F403272B22D5007EBB34 /* Build configuration list for PBXProject "Memorize" */;
			compatibilityVersion = "Xcode 13.0";
			developmentRegion = en;
			hasScannedForEncodings = 0;
			knownRegions = (
				en,
				Base,
			);
			mainGroup = FBD5F3FF272B22D5007EBB34;
			productRefGroup = FBD5F409272B22D5007EBB34 /* Products */;
			projectDirPath = "";
			projectRoot = "";
			targets = (
				FBD5F407272B22D5007EBB34 /* Memorize */,
				FBD5F41C272B22D6007EBB34 /* MemorizeTests */,
				FBD5F426272B22D6007EBB34 /* MemorizeUITests */,
			);
		};
/* End PBXProject section */

/* Begin PBXResourcesBuildPhase section */
		FBD5F406272B22D5007EBB34 /* Resources */ = {
			isa = PBXResourcesBuildPhase;
			buildActionMask = 2147483647;
			files = (
				FBD5F413272B22D6007EBB34 /* Preview Assets.xcassets in Resources */,
				FBD5F410272B22D6007EBB34 /* Assets.xcassets in Resources */,
			);
			runOnlyForDeploymentPostprocessing = 0;
		};
		FBD5F41B272B22D6007EBB34 /* Resources */ = {
			isa = PBXResourcesBuildPhase;
			buildActionMask = 2147483647;
			files = (
			);
			runOnlyForDeploymentPostprocessing = 0;
		};
		FBD5F425272B22D6007EBB34 /* Resources */ = {
			isa = PBXResourcesBuildPhase;
			buildActionMask = 2147483647;
			files = (
			);
			runOnlyForDeploymentPostprocessing = 0;
		};
/* End PBXResourcesBuildPhase section */

/* Begin PBXSourcesBuildPhase section */
		FBD5F404272B22D5007EBB34 /* Sources */ = {
			isa = PBXSourcesBuildPhase;
			buildActionMask = 2147483647;
			files = (
				FB243EC027A71AC100DBDD45 /* Model.swift in Sources */,
				FBD5F415272B22D6007EBB34 /* Persistence.swift in Sources */,
				FBD5F418272B22D6007EBB34 /* Memorize.xcdatamodeld in Sources */,
				FBD5F40E272B22D5007EBB34 /* ContentView.swift in Sources */,
				FB243ECB27A7BD3700DBDD45 /* Theme.swift in Sources */,
				FB243EC227A71ACF00DBDD45 /* ViewModel.swift in Sources */,
				FBD5F40C272B22D5007EBB34 /* MemorizeApp.swift in Sources */,
			);
			runOnlyForDeploymentPostprocessing = 0;
		};
		FBD5F419272B22D6007EBB34 /* Sources */ = {
			isa = PBXSourcesBuildPhase;
			buildActionMask = 2147483647;
			files = (
				FBD5F422272B22D6007EBB34 /* MemorizeTests.swift in Sources */,
			);
			runOnlyForDeploymentPostprocessing = 0;
		};
		FBD5F423272B22D6007EBB34 /* Sources */ = {
			isa = PBXSourcesBuildPhase;
			buildActionMask = 2147483647;
			files = (
				FBD5F42E272B22D6007EBB34 /* MemorizeUITestsLaunchTests.swift in Sources */,
				FBD5F42C272B22D6007EBB34 /* MemorizeUITests.swift in Sources */,
			);
			runOnlyForDeploymentPostprocessing = 0;
		};
/* End PBXSourcesBuildPhase section */

/* Begin PBXTargetDependency section */
		FBD5F41F272B22D6007EBB34 /* PBXTargetDependency */ = {
			isa = PBXTargetDependency;
			target = FBD5F407272B22D5007EBB34 /* Memorize */;
			targetProxy = FBD5F41E272B22D6007EBB34 /* PBXContainerItemProxy */;
		};
		FBD5F429272B22D6007EBB34 /* PBXTargetDependency */ = {
			isa = PBXTargetDependency;
			target = FBD5F407272B22D5007EBB34 /* Memorize */;
			targetProxy = FBD5F428272B22D6007EBB34 /* PBXContainerItemProxy */;
		};
/* End PBXTargetDependency section */

/* Begin XCBuildConfiguration section */
		FBD5F42F272B22D6007EBB34 /* Debug */ = {
			isa = XCBuildConfiguration;
			buildSettings = {
				ALWAYS_SEARCH_USER_PATHS = NO;
				CLANG_ANALYZER_NONNULL = YES;
				CLANG_ANALYZER_NUMBER_OBJECT_CONVERSION = YES_AGGRESSIVE;
				CLANG_CXX_LANGUAGE_STANDARD = "gnu++17";
				CLANG_CXX_LIBRARY = "libc++";
				CLANG_ENABLE_MODULES = YES;
				CLANG_ENABLE_OBJC_ARC = YES;
				CLANG_ENABLE_OBJC_WEAK = YES;
				CLANG_WARN_BLOCK_CAPTURE_AUTORELEASING = YES;
				CLANG_WARN_BOOL_CONVERSION = YES;
				CLANG_WARN_COMMA = YES;
				CLANG_WARN_CONSTANT_CONVERSION = YES;
				CLANG_WARN_DEPRECATED_OBJC_IMPLEMENTATIONS = YES;
				CLANG_WARN_DIRECT_OBJC_ISA_USAGE = YES_ERROR;
				CLANG_WARN_DOCUMENTATION_COMMENTS = YES;
				CLANG_WARN_EMPTY_BODY = YES;
				CLANG_WARN_ENUM_CONVERSION = YES;
				CLANG_WARN_INFINITE_RECURSION = YES;
				CLANG_WARN_INT_CONVERSION = YES;
				CLANG_WARN_NON_LITERAL_NULL_CONVERSION = YES;
				CLANG_WARN_OBJC_IMPLICIT_RETAIN_SELF = YES;
				CLANG_WARN_OBJC_LITERAL_CONVERSION = YES;
				CLANG_WARN_OBJC_ROOT_CLASS = YES_ERROR;
				CLANG_WARN_QUOTED_INCLUDE_IN_FRAMEWORK_HEADER = YES;
				CLANG_WARN_RANGE_LOOP_ANALYSIS = YES;
				CLANG_WARN_STRICT_PROTOTYPES = YES;
				CLANG_WARN_SUSPICIOUS_MOVE = YES;
				CLANG_WARN_UNGUARDED_AVAILABILITY = YES_AGGRESSIVE;
				CLANG_WARN_UNREACHABLE_CODE = YES;
				CLANG_WARN__DUPLICATE_METHOD_MATCH = YES;
				COPY_PHASE_STRIP = NO;
				DEBUG_INFORMATION_FORMAT = dwarf;
				ENABLE_STRICT_OBJC_MSGSEND = YES;
				ENABLE_TESTABILITY = YES;
				GCC_C_LANGUAGE_STANDARD = gnu11;
				GCC_DYNAMIC_NO_PIC = NO;
				GCC_NO_COMMON_BLOCKS = YES;
				GCC_OPTIMIZATION_LEVEL = 0;
				GCC_PREPROCESSOR_DEFINITIONS = (
					"DEBUG=1",
					"$(inherited)",
				);
				GCC_WARN_64_TO_32_BIT_CONVERSION = YES;
				GCC_WARN_ABOUT_RETURN_TYPE = YES_ERROR;
				GCC_WARN_UNDECLARED_SELECTOR = YES;
				GCC_WARN_UNINITIALIZED_AUTOS = YES_AGGRESSIVE;
				GCC_WARN_UNUSED_FUNCTION = YES;
				GCC_WARN_UNUSED_VARIABLE = YES;
				IPHONEOS_DEPLOYMENT_TARGET = 15.0;
				MTL_ENABLE_DEBUG_INFO = INCLUDE_SOURCE;
				MTL_FAST_MATH = YES;
				ONLY_ACTIVE_ARCH = YES;
				SDKROOT = iphoneos;
				SWIFT_ACTIVE_COMPILATION_CONDITIONS = DEBUG;
				SWIFT_OPTIMIZATION_LEVEL = "-Onone";
			};
			name = Debug;
		};
		FBD5F430272B22D6007EBB34 /* Release */ = {
			isa = XCBuildConfiguration;
			buildSettings = {
				ALWAYS_SEARCH_USER_PATHS = NO;
				CLANG_ANALYZER_NONNULL = YES;
				CLANG_ANALYZER_NUMBER_OBJECT_CONVERSION = YES_AGGRESSIVE;
				CLANG_CXX_LANGUAGE_STANDARD = "gnu++17";
				CLANG_CXX_LIBRARY = "libc++";
				CLANG_ENABLE_MODULES = YES;
				CLANG_ENABLE_OBJC_ARC = YES;
				CLANG_ENABLE_OBJC_WEAK = YES;
				CLANG_WARN_BLOCK_CAPTURE_AUTORELEASING = YES;
				CLANG_WARN_BOOL_CONVERSION = YES;
				CLANG_WARN_COMMA = YES;
				CLANG_WARN_CONSTANT_CONVERSION = YES;
				CLANG_WARN_DEPRECATED_OBJC_IMPLEMENTATIONS = YES;
				CLANG_WARN_DIRECT_OBJC_ISA_USAGE = YES_ERROR;
				CLANG_WARN_DOCUMENTATION_COMMENTS = YES;
				CLANG_WARN_EMPTY_BODY = YES;
				CLANG_WARN_ENUM_CONVERSION = YES;
				CLANG_WARN_INFINITE_RECURSION = YES;
				CLANG_WARN_INT_CONVERSION = YES;
				CLANG_WARN_NON_LITERAL_NULL_CONVERSION = YES;
				CLANG_WARN_OBJC_IMPLICIT_RETAIN_SELF = YES;
				CLANG_WARN_OBJC_LITERAL_CONVERSION = YES;
				CLANG_WARN_OBJC_ROOT_CLASS = YES_ERROR;
				CLANG_WARN_QUOTED_INCLUDE_IN_FRAMEWORK_HEADER = YES;
				CLANG_WARN_RANGE_LOOP_ANALYSIS = YES;
				CLANG_WARN_STRICT_PROTOTYPES = YES;
				CLANG_WARN_SUSPICIOUS_MOVE = YES;
				CLANG_WARN_UNGUARDED_AVAILABILITY = YES_AGGRESSIVE;
				CLANG_WARN_UNREACHABLE_CODE = YES;
				CLANG_WARN__DUPLICATE_METHOD_MATCH = YES;
				COPY_PHASE_STRIP = NO;
				DEBUG_INFORMATION_FORMAT = "dwarf-with-dsym";
				ENABLE_NS_ASSERTIONS = NO;
				ENABLE_STRICT_OBJC_MSGSEND = YES;
				GCC_C_LANGUAGE_STANDARD = gnu11;
				GCC_NO_COMMON_BLOCKS = YES;
				GCC_WARN_64_TO_32_BIT_CONVERSION = YES;
				GCC_WARN_ABOUT_RETURN_TYPE = YES_ERROR;
				GCC_WARN_UNDECLARED_SELECTOR = YES;
				GCC_WARN_UNINITIALIZED_AUTOS = YES_AGGRESSIVE;
				GCC_WARN_UNUSED_FUNCTION = YES;
				GCC_WARN_UNUSED_VARIABLE = YES;
				IPHONEOS_DEPLOYMENT_TARGET = 15.0;
				MTL_ENABLE_DEBUG_INFO = NO;
				MTL_FAST_MATH = YES;
				SDKROOT = iphoneos;
				SWIFT_COMPILATION_MODE = wholemodule;
				SWIFT_OPTIMIZATION_LEVEL = "-O";
				VALIDATE_PRODUCT = YES;
			};
			name = Release;
		};
		FBD5F432272B22D6007EBB34 /* Debug */ = {
			isa = XCBuildConfiguration;
			buildSettings = {
				ASSETCATALOG_COMPILER_APPICON_NAME = AppIcon;
				ASSETCATALOG_COMPILER_GLOBAL_ACCENT_COLOR_NAME = AccentColor;
				CODE_SIGN_STYLE = Automatic;
				CURRENT_PROJECT_VERSION = 1;
				DEVELOPMENT_ASSET_PATHS = "\"Memorize/Preview Content\"";
				DEVELOPMENT_TEAM = 487Z879GSQ;
				ENABLE_PREVIEWS = YES;
				GENERATE_INFOPLIST_FILE = YES;
				INFOPLIST_KEY_UIApplicationSceneManifest_Generation = YES;
				INFOPLIST_KEY_UIApplicationSupportsIndirectInputEvents = YES;
				INFOPLIST_KEY_UILaunchScreen_Generation = YES;
				INFOPLIST_KEY_UISupportedInterfaceOrientations_iPad = "UIInterfaceOrientationPortrait UIInterfaceOrientationPortraitUpsideDown UIInterfaceOrientationLandscapeLeft UIInterfaceOrientationLandscapeRight";
				INFOPLIST_KEY_UISupportedInterfaceOrientations_iPhone = "UIInterfaceOrientationPortrait UIInterfaceOrientationLandscapeLeft UIInterfaceOrientationLandscapeRight";
				LD_RUNPATH_SEARCH_PATHS = (
					"$(inherited)",
					"@executable_path/Frameworks",
				);
				MARKETING_VERSION = 1.0;
				PRODUCT_BUNDLE_IDENTIFIER = khizanag.Memorize;
				PRODUCT_NAME = "$(TARGET_NAME)";
				SWIFT_EMIT_LOC_STRINGS = YES;
				SWIFT_VERSION = 5.0;
				TARGETED_DEVICE_FAMILY = "1,2";
			};
			name = Debug;
		};
		FBD5F433272B22D6007EBB34 /* Release */ = {
			isa = XCBuildConfiguration;
			buildSettings = {
				ASSETCATALOG_COMPILER_APPICON_NAME = AppIcon;
				ASSETCATALOG_COMPILER_GLOBAL_ACCENT_COLOR_NAME = AccentColor;
				CODE_SIGN_STYLE = Automatic;
				CURRENT_PROJECT_VERSION = 1;
				DEVELOPMENT_ASSET_PATHS = "\"Memorize/Preview Content\"";
				DEVELOPMENT_TEAM = 487Z879GSQ;
				ENABLE_PREVIEWS = YES;
				GENERATE_INFOPLIST_FILE = YES;
				INFOPLIST_KEY_UIApplicationSceneManifest_Generation = YES;
				INFOPLIST_KEY_UIApplicationSupportsIndirectInputEvents = YES;
				INFOPLIST_KEY_UILaunchScreen_Generation = YES;
				INFOPLIST_KEY_UISupportedInterfaceOrientations_iPad = "UIInterfaceOrientationPortrait UIInterfaceOrientationPortraitUpsideDown UIInterfaceOrientationLandscapeLeft UIInterfaceOrientationLandscapeRight";
				INFOPLIST_KEY_UISupportedInterfaceOrientations_iPhone = "UIInterfaceOrientationPortrait UIInterfaceOrientationLandscapeLeft UIInterfaceOrientationLandscapeRight";
				LD_RUNPATH_SEARCH_PATHS = (
					"$(inherited)",
					"@executable_path/Frameworks",
				);
				MARKETING_VERSION = 1.0;
				PRODUCT_BUNDLE_IDENTIFIER = khizanag.Memorize;
				PRODUCT_NAME = "$(TARGET_NAME)";
				SWIFT_EMIT_LOC_STRINGS = YES;
				SWIFT_VERSION = 5.0;
				TARGETED_DEVICE_FAMILY = "1,2";
			};
			name = Release;
		};
		FBD5F435272B22D6007EBB34 /* Debug */ = {
			isa = XCBuildConfiguration;
			buildSettings = {
				ALWAYS_EMBED_SWIFT_STANDARD_LIBRARIES = YES;
				BUNDLE_LOADER = "$(TEST_HOST)";
				CODE_SIGN_STYLE = Automatic;
				CURRENT_PROJECT_VERSION = 1;
				DEVELOPMENT_TEAM = 487Z879GSQ;
				GENERATE_INFOPLIST_FILE = YES;
				IPHONEOS_DEPLOYMENT_TARGET = 15.0;
				LD_RUNPATH_SEARCH_PATHS = (
					"$(inherited)",
					"@executable_path/Frameworks",
					"@loader_path/Frameworks",
				);
				MARKETING_VERSION = 1.0;
				PRODUCT_BUNDLE_IDENTIFIER = khizanag.MemorizeTests;
				PRODUCT_NAME = "$(TARGET_NAME)";
				SWIFT_EMIT_LOC_STRINGS = NO;
				SWIFT_VERSION = 5.0;
				TARGETED_DEVICE_FAMILY = "1,2";
				TEST_HOST = "$(BUILT_PRODUCTS_DIR)/Memorize.app/Memorize";
			};
			name = Debug;
		};
		FBD5F436272B22D6007EBB34 /* Release */ = {
			isa = XCBuildConfiguration;
			buildSettings = {
				ALWAYS_EMBED_SWIFT_STANDARD_LIBRARIES = YES;
				BUNDLE_LOADER = "$(TEST_HOST)";
				CODE_SIGN_STYLE = Automatic;
				CURRENT_PROJECT_VERSION = 1;
				DEVELOPMENT_TEAM = 487Z879GSQ;
				GENERATE_INFOPLIST_FILE = YES;
				IPHONEOS_DEPLOYMENT_TARGET = 15.0;
				LD_RUNPATH_SEARCH_PATHS = (
					"$(inherited)",
					"@executable_path/Frameworks",
					"@loader_path/Frameworks",
				);
				MARKETING_VERSION = 1.0;
				PRODUCT_BUNDLE_IDENTIFIER = khizanag.MemorizeTests;
				PRODUCT_NAME = "$(TARGET_NAME)";
				SWIFT_EMIT_LOC_STRINGS = NO;
				SWIFT_VERSION = 5.0;
				TARGETED_DEVICE_FAMILY = "1,2";
				TEST_HOST = "$(BUILT_PRODUCTS_DIR)/Memorize.app/Memorize";
			};
			name = Release;
		};
		FBD5F438272B22D6007EBB34 /* Debug */ = {
			isa = XCBuildConfiguration;
			buildSettings = {
				ALWAYS_EMBED_SWIFT_STANDARD_LIBRARIES = YES;
				CODE_SIGN_STYLE = Automatic;
				CURRENT_PROJECT_VERSION = 1;
				DEVELOPMENT_TEAM = 487Z879GSQ;
				GENERATE_INFOPLIST_FILE = YES;
				LD_RUNPATH_SEARCH_PATHS = (
					"$(inherited)",
					"@executable_path/Frameworks",
					"@loader_path/Frameworks",
				);
				MARKETING_VERSION = 1.0;
				PRODUCT_BUNDLE_IDENTIFIER = khizanag.MemorizeUITests;
				PRODUCT_NAME = "$(TARGET_NAME)";
				SWIFT_EMIT_LOC_STRINGS = NO;
				SWIFT_VERSION = 5.0;
				TARGETED_DEVICE_FAMILY = "1,2";
				TEST_TARGET_NAME = Memorize;
			};
			name = Debug;
		};
		FBD5F439272B22D6007EBB34 /* Release */ = {
			isa = XCBuildConfiguration;
			buildSettings = {
				ALWAYS_EMBED_SWIFT_STANDARD_LIBRARIES = YES;
				CODE_SIGN_STYLE = Automatic;
				CURRENT_PROJECT_VERSION = 1;
				DEVELOPMENT_TEAM = 487Z879GSQ;
				GENERATE_INFOPLIST_FILE = YES;
				LD_RUNPATH_SEARCH_PATHS = (
					"$(inherited)",
					"@executable_path/Frameworks",
					"@loader_path/Frameworks",
				);
				MARKETING_VERSION = 1.0;
				PRODUCT_BUNDLE_IDENTIFIER = khizanag.MemorizeUITests;
				PRODUCT_NAME = "$(TARGET_NAME)";
				SWIFT_EMIT_LOC_STRINGS = NO;
				SWIFT_VERSION = 5.0;
				TARGETED_DEVICE_FAMILY = "1,2";
				TEST_TARGET_NAME = Memorize;
			};
			name = Release;
		};
/* End XCBuildConfiguration section */

/* Begin XCConfigurationList section */
		FBD5F403272B22D5007EBB34 /* Build configuration list for PBXProject "Memorize" */ = {
			isa = XCConfigurationList;
			buildConfigurations = (
				FBD5F42F272B22D6007EBB34 /* Debug */,
				FBD5F430272B22D6007EBB34 /* Release */,
			);
			defaultConfigurationIsVisible = 0;
			defaultConfigurationName = Release;
		};
		FBD5F431272B22D6007EBB34 /* Build configuration list for PBXNativeTarget "Memorize" */ = {
			isa = XCConfigurationList;
			buildConfigurations = (
				FBD5F432272B22D6007EBB34 /* Debug */,
				FBD5F433272B22D6007EBB34 /* Release */,
			);
			defaultConfigurationIsVisible = 0;
			defaultConfigurationName = Release;
		};
		FBD5F434272B22D6007EBB34 /* Build configuration list for PBXNativeTarget "MemorizeTests" */ = {
			isa = XCConfigurationList;
			buildConfigurations = (
				FBD5F435272B22D6007EBB34 /* Debug */,
				FBD5F436272B22D6007EBB34 /* Release */,
			);
			defaultConfigurationIsVisible = 0;
			defaultConfigurationName = Release;
		};
		FBD5F437272B22D6007EBB34 /* Build configuration list for PBXNativeTarget "MemorizeUITests" */ = {
			isa = XCConfigurationList;
			buildConfigurations = (
				FBD5F438272B22D6007EBB34 /* Debug */,
				FBD5F439272B22D6007EBB34 /* Release */,
			);
			defaultConfigurationIsVisible = 0;
			defaultConfigurationName = Release;
		};
/* End XCConfigurationList section */

/* Begin XCVersionGroup section */
		FBD5F416272B22D6007EBB34 /* Memorize.xcdatamodeld */ = {
			isa = XCVersionGroup;
			children = (
				FBD5F417272B22D6007EBB34 /* Memorize.xcdatamodel */,
			);
			currentVersion = FBD5F417272B22D6007EBB34 /* Memorize.xcdatamodel */;
			path = Memorize.xcdatamodeld;
			sourceTree = "<group>";
			versionGroupType = wrapper.xcdatamodel;
		};
/* End XCVersionGroup section */
	};
	rootObject = FBD5F400272B22D5007EBB34 /* Project object */;
}
